// !$*UTF8*$!
{
	archiveVersion = 1;
	classes = {
	};
	objectVersion = 56;
	objects = {

/* Begin PBXBuildFile section */
		53A5A0E429C2249800740C76 /* TODOsApp.swift in Sources */ = {isa = PBXBuildFile; fileRef = 53A5A0E329C2249800740C76 /* TODOsApp.swift */; };
		53A5A0E629C2249800740C76 /* ContentView.swift in Sources */ = {isa = PBXBuildFile; fileRef = 53A5A0E529C2249800740C76 /* ContentView.swift */; };
		53A5A0E829C2249A00740C76 /* Assets.xcassets in Resources */ = {isa = PBXBuildFile; fileRef = 53A5A0E729C2249A00740C76 /* Assets.xcassets */; };
		53A5A0EB29C2249A00740C76 /* Preview Assets.xcassets in Resources */ = {isa = PBXBuildFile; fileRef = 53A5A0EA29C2249A00740C76 /* Preview Assets.xcassets */; };
		53A5A0F329C224E300740C76 /* HomeView.swift in Sources */ = {isa = PBXBuildFile; fileRef = 53A5A0F229C224E300740C76 /* HomeView.swift */; };
		53A5A0F529C2250700740C76 /* SortView.swift in Sources */ = {isa = PBXBuildFile; fileRef = 53A5A0F429C2250700740C76 /* SortView.swift */; };
		53A5A0F829C2278C00740C76 /* TaskModel.swift in Sources */ = {isa = PBXBuildFile; fileRef = 53A5A0F729C2278C00740C76 /* TaskModel.swift */; };
		53A5A0FA29C2A83400740C76 /* AddView.swift in Sources */ = {isa = PBXBuildFile; fileRef = 53A5A0F929C2A83400740C76 /* AddView.swift */; };
/* End PBXBuildFile section */

/* Begin PBXFileReference section */
		53A5A0E029C2249800740C76 /* TODOs.app */ = {isa = PBXFileReference; explicitFileType = wrapper.application; includeInIndex = 0; path = TODOs.app; sourceTree = BUILT_PRODUCTS_DIR; };
		53A5A0E329C2249800740C76 /* TODOsApp.swift */ = {isa = PBXFileReference; lastKnownFileType = sourcecode.swift; path = TODOsApp.swift; sourceTree = "<group>"; };
		53A5A0E529C2249800740C76 /* ContentView.swift */ = {isa = PBXFileReference; lastKnownFileType = sourcecode.swift; path = ContentView.swift; sourceTree = "<group>"; };
		53A5A0E729C2249A00740C76 /* Assets.xcassets */ = {isa = PBXFileReference; lastKnownFileType = folder.assetcatalog; path = Assets.xcassets; sourceTree = "<group>"; };
		53A5A0EA29C2249A00740C76 /* Preview Assets.xcassets */ = {isa = PBXFileReference; lastKnownFileType = folder.assetcatalog; path = "Preview Assets.xcassets"; sourceTree = "<group>"; };
		53A5A0F229C224E300740C76 /* HomeView.swift */ = {isa = PBXFileReference; lastKnownFileType = sourcecode.swift; path = HomeView.swift; sourceTree = "<group>"; };
		53A5A0F429C2250700740C76 /* SortView.swift */ = {isa = PBXFileReference; lastKnownFileType = sourcecode.swift; path = SortView.swift; sourceTree = "<group>"; };
		53A5A0F729C2278C00740C76 /* TaskModel.swift */ = {isa = PBXFileReference; lastKnownFileType = sourcecode.swift; path = TaskModel.swift; sourceTree = "<group>"; };
		53A5A0F929C2A83400740C76 /* AddView.swift */ = {isa = PBXFileReference; lastKnownFileType = sourcecode.swift; path = AddView.swift; sourceTree = "<group>"; };
/* End PBXFileReference section */

/* Begin PBXFrameworksBuildPhase section */
		53A5A0DD29C2249800740C76 /* Frameworks */ = {
			isa = PBXFrameworksBuildPhase;
			buildActionMask = 2147483647;
			files = (
			);
			runOnlyForDeploymentPostprocessing = 0;
		};
/* End PBXFrameworksBuildPhase section */

/* Begin PBXGroup section */
		53A5A0D729C2249800740C76 = {
			isa = PBXGroup;
			children = (
				53A5A0E229C2249800740C76 /* TODOs */,
				53A5A0E129C2249800740C76 /* Products */,
			);
			sourceTree = "<group>";
		};
		53A5A0E129C2249800740C76 /* Products */ = {
			isa = PBXGroup;
			children = (
				53A5A0E029C2249800740C76 /* TODOs.app */,
			);
			name = Products;
			sourceTree = "<group>";
		};
		53A5A0E229C2249800740C76 /* TODOs */ = {
			isa = PBXGroup;
			children = (
				53A5A0F629C2277E00740C76 /* Model */,
				53A5A0F129C224CB00740C76 /* View */,
				53A5A0E329C2249800740C76 /* TODOsApp.swift */,
				53A5A0E729C2249A00740C76 /* Assets.xcassets */,
				53A5A0E929C2249A00740C76 /* Preview Content */,
			);
			path = TODOs;
			sourceTree = "<group>";
		};
		53A5A0E929C2249A00740C76 /* Preview Content */ = {
			isa = PBXGroup;
			children = (
				53A5A0EA29C2249A00740C76 /* Preview Assets.xcassets */,
			);
			path = "Preview Content";
			sourceTree = "<group>";
		};
		53A5A0F129C224CB00740C76 /* View */ = {
			isa = PBXGroup;
			children = (
				53A5A0E529C2249800740C76 /* ContentView.swift */,
				53A5A0F229C224E300740C76 /* HomeView.swift */,
				53A5A0F429C2250700740C76 /* SortView.swift */,
				53A5A0F929C2A83400740C76 /* AddView.swift */,
			);
			path = View;
			sourceTree = "<group>";
		};
		53A5A0F629C2277E00740C76 /* Model */ = {
			isa = PBXGroup;
			children = (
				53A5A0F729C2278C00740C76 /* TaskModel.swift */,
			);
			path = Model;
			sourceTree = "<group>";
		};
/* End PBXGroup section */

/* Begin PBXNativeTarget section */
		53A5A0DF29C2249800740C76 /* TODOs */ = {
			isa = PBXNativeTarget;
			buildConfigurationList = 53A5A0EE29C2249A00740C76 /* Build configuration list for PBXNativeTarget "TODOs" */;
			buildPhases = (
				53A5A0DC29C2249800740C76 /* Sources */,
				53A5A0DD29C2249800740C76 /* Frameworks */,
				53A5A0DE29C2249800740C76 /* Resources */,
			);
			buildRules = (
			);
			dependencies = (
			);
			name = TODOs;
			productName = TODOs;
			productReference = 53A5A0E029C2249800740C76 /* TODOs.app */;
			productType = "com.apple.product-type.application";
		};
/* End PBXNativeTarget section */

/* Begin PBXProject section */
		53A5A0D829C2249800740C76 /* Project object */ = {
			isa = PBXProject;
			attributes = {
				BuildIndependentTargetsInParallel = 1;
				LastSwiftUpdateCheck = 1420;
				LastUpgradeCheck = 1420;
				TargetAttributes = {
					53A5A0DF29C2249800740C76 = {
						CreatedOnToolsVersion = 14.2;
					};
				};
			};
			buildConfigurationList = 53A5A0DB29C2249800740C76 /* Build configuration list for PBXProject "TODOs" */;
			compatibilityVersion = "Xcode 14.0";
			developmentRegion = en;
			hasScannedForEncodings = 0;
			knownRegions = (
				en,
				Base,
			);
			mainGroup = 53A5A0D729C2249800740C76;
			productRefGroup = 53A5A0E129C2249800740C76 /* Products */;
			projectDirPath = "";
			projectRoot = "";
			targets = (
				53A5A0DF29C2249800740C76 /* TODOs */,
			);
		};
/* End PBXProject section */

/* Begin PBXResourcesBuildPhase section */
		53A5A0DE29C2249800740C76 /* Resources */ = {
			isa = PBXResourcesBuildPhase;
			buildActionMask = 2147483647;
			files = (
				53A5A0EB29C2249A00740C76 /* Preview Assets.xcassets in Resources */,
				53A5A0E829C2249A00740C76 /* Assets.xcassets in Resources */,
			);
			runOnlyForDeploymentPostprocessing = 0;
		};
/* End PBXResourcesBuildPhase section */

/* Begin PBXSourcesBuildPhase section */
		53A5A0DC29C2249800740C76 /* Sources */ = {
			isa = PBXSourcesBuildPhase;
			buildActionMask = 2147483647;
			files = (
				53A5A0F529C2250700740C76 /* SortView.swift in Sources */,
				53A5A0F329C224E300740C76 /* HomeView.swift in Sources */,
				53A5A0FA29C2A83400740C76 /* AddView.swift in Sources */,
				53A5A0F829C2278C00740C76 /* TaskModel.swift in Sources */,
				53A5A0E629C2249800740C76 /* ContentView.swift in Sources */,
				53A5A0E429C2249800740C76 /* TODOsApp.swift in Sources */,
			);
			runOnlyForDeploymentPostprocessing = 0;
		};
/* End PBXSourcesBuildPhase section */

/* Begin XCBuildConfiguration section */
		53A5A0EC29C2249A00740C76 /* Debug */ = {
			isa = XCBuildConfiguration;
			buildSettings = {
				ALWAYS_SEARCH_USER_PATHS = NO;
				CLANG_ANALYZER_NONNULL = YES;
				CLANG_ANALYZER_NUMBER_OBJECT_CONVERSION = YES_AGGRESSIVE;
				CLANG_CXX_LANGUAGE_STANDARD = "gnu++20";
				CLANG_ENABLE_MODULES = YES;
				CLANG_ENABLE_OBJC_ARC = YES;
				CLANG_ENABLE_OBJC_WEAK = YES;
				CLANG_WARN_BLOCK_CAPTURE_AUTORELEASING = YES;
				CLANG_WARN_BOOL_CONVERSION = YES;
				CLANG_WARN_COMMA = YES;
				CLANG_WARN_CONSTANT_CONVERSION = YES;
				CLANG_WARN_DEPRECATED_OBJC_IMPLEMENTATIONS = YES;
				CLANG_WARN_DIRECT_OBJC_ISA_USAGE = YES_ERROR;
				CLANG_WARN_DOCUMENTATION_COMMENTS = YES;
				CLANG_WARN_EMPTY_BODY = YES;
				CLANG_WARN_ENUM_CONVERSION = YES;
				CLANG_WARN_INFINITE_RECURSION = YES;
				CLANG_WARN_INT_CONVERSION = YES;
				CLANG_WARN_NON_LITERAL_NULL_CONVERSION = YES;
				CLANG_WARN_OBJC_IMPLICIT_RETAIN_SELF = YES;
				CLANG_WARN_OBJC_LITERAL_CONVERSION = YES;
				CLANG_WARN_OBJC_ROOT_CLASS = YES_ERROR;
				CLANG_WARN_QUOTED_INCLUDE_IN_FRAMEWORK_HEADER = YES;
				CLANG_WARN_RANGE_LOOP_ANALYSIS = YES;
				CLANG_WARN_STRICT_PROTOTYPES = YES;
				CLANG_WARN_SUSPICIOUS_MOVE = YES;
				CLANG_WARN_UNGUARDED_AVAILABILITY = YES_AGGRESSIVE;
				CLANG_WARN_UNREACHABLE_CODE = YES;
				CLANG_WARN__DUPLICATE_METHOD_MATCH = YES;
				COPY_PHASE_STRIP = NO;
				DEBUG_INFORMATION_FORMAT = dwarf;
				ENABLE_STRICT_OBJC_MSGSEND = YES;
				ENABLE_TESTABILITY = YES;
				GCC_C_LANGUAGE_STANDARD = gnu11;
				GCC_DYNAMIC_NO_PIC = NO;
				GCC_NO_COMMON_BLOCKS = YES;
				GCC_OPTIMIZATION_LEVEL = 0;
				GCC_PREPROCESSOR_DEFINITIONS = (
					"DEBUG=1",
					"$(inherited)",
				);
				GCC_WARN_64_TO_32_BIT_CONVERSION = YES;
				GCC_WARN_ABOUT_RETURN_TYPE = YES_ERROR;
				GCC_WARN_UNDECLARED_SELECTOR = YES;
				GCC_WARN_UNINITIALIZED_AUTOS = YES_AGGRESSIVE;
				GCC_WARN_UNUSED_FUNCTION = YES;
				GCC_WARN_UNUSED_VARIABLE = YES;
				IPHONEOS_DEPLOYMENT_TARGET = 16.2;
				MTL_ENABLE_DEBUG_INFO = INCLUDE_SOURCE;
				MTL_FAST_MATH = YES;
				ONLY_ACTIVE_ARCH = YES;
				SDKROOT = iphoneos;
				SWIFT_ACTIVE_COMPILATION_CONDITIONS = DEBUG;
				SWIFT_OPTIMIZATION_LEVEL = "-Onone";
			};
			name = Debug;
		};
		53A5A0ED29C2249A00740C76 /* Release */ = {
			isa = XCBuildConfiguration;
			buildSettings = {
				ALWAYS_SEARCH_USER_PATHS = NO;
				CLANG_ANALYZER_NONNULL = YES;
				CLANG_ANALYZER_NUMBER_OBJECT_CONVERSION = YES_AGGRESSIVE;
				CLANG_CXX_LANGUAGE_STANDARD = "gnu++20";
				CLANG_ENABLE_MODULES = YES;
				CLANG_ENABLE_OBJC_ARC = YES;
				CLANG_ENABLE_OBJC_WEAK = YES;
				CLANG_WARN_BLOCK_CAPTURE_AUTORELEASING = YES;
				CLANG_WARN_BOOL_CONVERSION = YES;
				CLANG_WARN_COMMA = YES;
				CLANG_WARN_CONSTANT_CONVERSION = YES;
				CLANG_WARN_DEPRECATED_OBJC_IMPLEMENTATIONS = YES;
				CLANG_WARN_DIRECT_OBJC_ISA_USAGE = YES_ERROR;
				CLANG_WARN_DOCUMENTATION_COMMENTS = YES;
				CLANG_WARN_EMPTY_BODY = YES;
				CLANG_WARN_ENUM_CONVERSION = YES;
				CLANG_WARN_INFINITE_RECURSION = YES;
				CLANG_WARN_INT_CONVERSION = YES;
				CLANG_WARN_NON_LITERAL_NULL_CONVERSION = YES;
				CLANG_WARN_OBJC_IMPLICIT_RETAIN_SELF = YES;
				CLANG_WARN_OBJC_LITERAL_CONVERSION = YES;
				CLANG_WARN_OBJC_ROOT_CLASS = YES_ERROR;
				CLANG_WARN_QUOTED_INCLUDE_IN_FRAMEWORK_HEADER = YES;
				CLANG_WARN_RANGE_LOOP_ANALYSIS = YES;
				CLANG_WARN_STRICT_PROTOTYPES = YES;
				CLANG_WARN_SUSPICIOUS_MOVE = YES;
				CLANG_WARN_UNGUARDED_AVAILABILITY = YES_AGGRESSIVE;
				CLANG_WARN_UNREACHABLE_CODE = YES;
				CLANG_WARN__DUPLICATE_METHOD_MATCH = YES;
				COPY_PHASE_STRIP = NO;
				DEBUG_INFORMATION_FORMAT = "dwarf-with-dsym";
				ENABLE_NS_ASSERTIONS = NO;
				ENABLE_STRICT_OBJC_MSGSEND = YES;
				GCC_C_LANGUAGE_STANDARD = gnu11;
				GCC_NO_COMMON_BLOCKS = YES;
				GCC_WARN_64_TO_32_BIT_CONVERSION = YES;
				GCC_WARN_ABOUT_RETURN_TYPE = YES_ERROR;
				GCC_WARN_UNDECLARED_SELECTOR = YES;
				GCC_WARN_UNINITIALIZED_AUTOS = YES_AGGRESSIVE;
				GCC_WARN_UNUSED_FUNCTION = YES;
				GCC_WARN_UNUSED_VARIABLE = YES;
				IPHONEOS_DEPLOYMENT_TARGET = 16.2;
				MTL_ENABLE_DEBUG_INFO = NO;
				MTL_FAST_MATH = YES;
				SDKROOT = iphoneos;
				SWIFT_COMPILATION_MODE = wholemodule;
				SWIFT_OPTIMIZATION_LEVEL = "-O";
				VALIDATE_PRODUCT = YES;
			};
			name = Release;
		};
		53A5A0EF29C2249A00740C76 /* Debug */ = {
			isa = XCBuildConfiguration;
			buildSettings = {
				ASSETCATALOG_COMPILER_APPICON_NAME = AppIcon;
				ASSETCATALOG_COMPILER_GLOBAL_ACCENT_COLOR_NAME = AccentColor;
				CODE_SIGN_STYLE = Automatic;
				CURRENT_PROJECT_VERSION = 1;
				DEVELOPMENT_ASSET_PATHS = "\"TODOs/Preview Content\"";
				DEVELOPMENT_TEAM = 25344L8533;
				ENABLE_PREVIEWS = YES;
				GENERATE_INFOPLIST_FILE = YES;
				INFOPLIST_KEY_UIApplicationSceneManifest_Generation = YES;
				INFOPLIST_KEY_UIApplicationSupportsIndirectInputEvents = YES;
				INFOPLIST_KEY_UILaunchScreen_Generation = YES;
				INFOPLIST_KEY_UISupportedInterfaceOrientations_iPad = "UIInterfaceOrientationPortrait UIInterfaceOrientationPortraitUpsideDown UIInterfaceOrientationLandscapeLeft UIInterfaceOrientationLandscapeRight";
				INFOPLIST_KEY_UISupportedInterfaceOrientations_iPhone = "UIInterfaceOrientationPortrait UIInterfaceOrientationLandscapeLeft UIInterfaceOrientationLandscapeRight";
				LD_RUNPATH_SEARCH_PATHS = (
					"$(inherited)",
					"@executable_path/Frameworks",
				);
				MARKETING_VERSION = 1.0;
				PRODUCT_BUNDLE_IDENTIFIER = com.virajlakshitha.TODOs;
				PRODUCT_NAME = "$(TARGET_NAME)";
				SWIFT_EMIT_LOC_STRINGS = YES;
				SWIFT_VERSION = 5.0;
				TARGETED_DEVICE_FAMILY = "1,2";
			};
			name = Debug;
		};
		53A5A0F029C2249A00740C76 /* Release */ = {
			isa = XCBuildConfiguration;
			buildSettings = {
				ASSETCATALOG_COMPILER_APPICON_NAME = AppIcon;
				ASSETCATALOG_COMPILER_GLOBAL_ACCENT_COLOR_NAME = AccentColor;
				CODE_SIGN_STYLE = Automatic;
				CURRENT_PROJECT_VERSION = 1;
				DEVELOPMENT_ASSET_PATHS = "\"TODOs/Preview Content\"";
				DEVELOPMENT_TEAM = 25344L8533;
				ENABLE_PREVIEWS = YES;
				GENERATE_INFOPLIST_FILE = YES;
				INFOPLIST_KEY_UIApplicationSceneManifest_Generation = YES;
				INFOPLIST_KEY_UIApplicationSupportsIndirectInputEvents = YES;
				INFOPLIST_KEY_UILaunchScreen_Generation = YES;
				INFOPLIST_KEY_UISupportedInterfaceOrientations_iPad = "UIInterfaceOrientationPortrait UIInterfaceOrientationPortraitUpsideDown UIInterfaceOrientationLandscapeLeft UIInterfaceOrientationLandscapeRight";
				INFOPLIST_KEY_UISupportedInterfaceOrientations_iPhone = "UIInterfaceOrientationPortrait UIInterfaceOrientationLandscapeLeft UIInterfaceOrientationLandscapeRight";
				LD_RUNPATH_SEARCH_PATHS = (
					"$(inherited)",
					"@executable_path/Frameworks",
				);
				MARKETING_VERSION = 1.0;
				PRODUCT_BUNDLE_IDENTIFIER = com.virajlakshitha.TODOs;
				PRODUCT_NAME = "$(TARGET_NAME)";
				SWIFT_EMIT_LOC_STRINGS = YES;
				SWIFT_VERSION = 5.0;
				TARGETED_DEVICE_FAMILY = "1,2";
			};
			name = Release;
		};
/* End XCBuildConfiguration section */

/* Begin XCConfigurationList section */
		53A5A0DB29C2249800740C76 /* Build configuration list for PBXProject "TODOs" */ = {
			isa = XCConfigurationList;
			buildConfigurations = (
				53A5A0EC29C2249A00740C76 /* Debug */,
				53A5A0ED29C2249A00740C76 /* Release */,
			);
			defaultConfigurationIsVisible = 0;
			defaultConfigurationName = Release;
		};
		53A5A0EE29C2249A00740C76 /* Build configuration list for PBXNativeTarget "TODOs" */ = {
			isa = XCConfigurationList;
			buildConfigurations = (
				53A5A0EF29C2249A00740C76 /* Debug */,
				53A5A0F029C2249A00740C76 /* Release */,
			);
			defaultConfigurationIsVisible = 0;
			defaultConfigurationName = Release;
		};
/* End XCConfigurationList section */
	};
	rootObject = 53A5A0D829C2249800740C76 /* Project object */;
}
